// !$*UTF8*$!
{
	archiveVersion = 1;
	classes = {
	};
	objectVersion = 56;
	objects = {

/* Begin PBXBuildFile section */
		5D1AFD352C10EBD900DBA203 /* AppDelegate.swift in Sources */ = {isa = PBXBuildFile; fileRef = 5D1AFD342C10EBD900DBA203 /* AppDelegate.swift */; };
		5D1AFD372C10EBD900DBA203 /* SceneDelegate.swift in Sources */ = {isa = PBXBuildFile; fileRef = 5D1AFD362C10EBD900DBA203 /* SceneDelegate.swift */; };
		5D1AFD392C10EBD900DBA203 /* ViewController.swift in Sources */ = {isa = PBXBuildFile; fileRef = 5D1AFD382C10EBD900DBA203 /* ViewController.swift */; };
		5D1AFD3C2C10EBD900DBA203 /* Base in Resources */ = {isa = PBXBuildFile; fileRef = 5D1AFD3B2C10EBD900DBA203 /* Base */; };
		5D1AFD3F2C10EBD900DBA203 /* Smart_Tasks.xcdatamodeld in Sources */ = {isa = PBXBuildFile; fileRef = 5D1AFD3D2C10EBD900DBA203 /* Smart_Tasks.xcdatamodeld */; };
		5D1AFD412C10EBDB00DBA203 /* Assets.xcassets in Resources */ = {isa = PBXBuildFile; fileRef = 5D1AFD402C10EBDB00DBA203 /* Assets.xcassets */; };
		5D1AFD442C10EBDB00DBA203 /* Base in Resources */ = {isa = PBXBuildFile; fileRef = 5D1AFD432C10EBDB00DBA203 /* Base */; };
		5D68699D2C1175BD0084DC99 /* Uiview+Ext.swift in Sources */ = {isa = PBXBuildFile; fileRef = 5D68699C2C1175BD0084DC99 /* Uiview+Ext.swift */; };
		5D846AB52C1624F8002A84C4 /* UIcolor+Extension.swift in Sources */ = {isa = PBXBuildFile; fileRef = 5D846AB42C1624F8002A84C4 /* UIcolor+Extension.swift */; };
		5D846AB72C1628BF002A84C4 /* Constants.swift in Sources */ = {isa = PBXBuildFile; fileRef = 5D846AB62C1628BF002A84C4 /* Constants.swift */; };
		5DB351FB2C1234B500B13A5D /* TasksModel.swift in Sources */ = {isa = PBXBuildFile; fileRef = 5DB351FA2C1234B500B13A5D /* TasksModel.swift */; };
		5DB351FE2C123A1400B13A5D /* TaskDetailVC.swift in Sources */ = {isa = PBXBuildFile; fileRef = 5DB351FD2C123A1400B13A5D /* TaskDetailVC.swift */; };
		5DB460DA2C116948009AE51E /* TaskCell.xib in Resources */ = {isa = PBXBuildFile; fileRef = 5DB460D92C116948009AE51E /* TaskCell.xib */; };
		5DB460DB2C116948009AE51E /* TaskCell.swift in Sources */ = {isa = PBXBuildFile; fileRef = 5DB460D82C116948009AE51E /* TaskCell.swift */; };
		5DB460E02C116E94009AE51E /* AmsiProNormal-Bold.ttf in Resources */ = {isa = PBXBuildFile; fileRef = 5DB460DF2C116E94009AE51E /* AmsiProNormal-Bold.ttf */; };
		5DB460E22C116EA6009AE51E /* AmsiProNormal-Regular.ttf in Resources */ = {isa = PBXBuildFile; fileRef = 5DB460E12C116EA6009AE51E /* AmsiProNormal-Regular.ttf */; };
		5DB5A8A62C1619CF006DE942 /* TaskListViewModel.swift in Sources */ = {isa = PBXBuildFile; fileRef = 5DB5A8A52C1619CF006DE942 /* TaskListViewModel.swift */; };
		5DB5DC9D2C15AEFC000EE15B /* TicketStatusCommentAlert.swift in Sources */ = {isa = PBXBuildFile; fileRef = 5DB5DC9C2C15AEFC000EE15B /* TicketStatusCommentAlert.swift */; };
		5DB906582C159C8700BB2B53 /* Alert.storyboard in Resources */ = {isa = PBXBuildFile; fileRef = 5DB906572C159C8700BB2B53 /* Alert.storyboard */; };
		5DBA2DAA2C12959100674F4A /* ViewController+ extension.swift in Sources */ = {isa = PBXBuildFile; fileRef = 5DBA2DA92C12959100674F4A /* ViewController+ extension.swift */; };
		5DBA2DAC2C12A57200674F4A /* TaskListVC.swift in Sources */ = {isa = PBXBuildFile; fileRef = 5DBA2DAB2C12A57200674F4A /* TaskListVC.swift */; };
/* End PBXBuildFile section */

/* Begin PBXFileReference section */
		5D1AFD312C10EBD900DBA203 /* Smart Tasks.app */ = {isa = PBXFileReference; explicitFileType = wrapper.application; includeInIndex = 0; path = "Smart Tasks.app"; sourceTree = BUILT_PRODUCTS_DIR; };
		5D1AFD342C10EBD900DBA203 /* AppDelegate.swift */ = {isa = PBXFileReference; lastKnownFileType = sourcecode.swift; path = AppDelegate.swift; sourceTree = "<group>"; };
		5D1AFD362C10EBD900DBA203 /* SceneDelegate.swift */ = {isa = PBXFileReference; lastKnownFileType = sourcecode.swift; path = SceneDelegate.swift; sourceTree = "<group>"; };
		5D1AFD382C10EBD900DBA203 /* ViewController.swift */ = {isa = PBXFileReference; lastKnownFileType = sourcecode.swift; path = ViewController.swift; sourceTree = "<group>"; };
		5D1AFD3B2C10EBD900DBA203 /* Base */ = {isa = PBXFileReference; lastKnownFileType = file.storyboard; name = Base; path = Base.lproj/Main.storyboard; sourceTree = "<group>"; };
		5D1AFD3E2C10EBD900DBA203 /* Smart_Tasks.xcdatamodel */ = {isa = PBXFileReference; lastKnownFileType = wrapper.xcdatamodel; path = Smart_Tasks.xcdatamodel; sourceTree = "<group>"; };
		5D1AFD402C10EBDB00DBA203 /* Assets.xcassets */ = {isa = PBXFileReference; lastKnownFileType = folder.assetcatalog; path = Assets.xcassets; sourceTree = "<group>"; };
		5D1AFD432C10EBDB00DBA203 /* Base */ = {isa = PBXFileReference; lastKnownFileType = file.storyboard; name = Base; path = Base.lproj/LaunchScreen.storyboard; sourceTree = "<group>"; };
		5D1AFD452C10EBDB00DBA203 /* Info.plist */ = {isa = PBXFileReference; lastKnownFileType = text.plist.xml; path = Info.plist; sourceTree = "<group>"; };
		5D68699C2C1175BD0084DC99 /* Uiview+Ext.swift */ = {isa = PBXFileReference; fileEncoding = 4; lastKnownFileType = sourcecode.swift; path = "Uiview+Ext.swift"; sourceTree = "<group>"; };
		5D846AB42C1624F8002A84C4 /* UIcolor+Extension.swift */ = {isa = PBXFileReference; lastKnownFileType = sourcecode.swift; path = "UIcolor+Extension.swift"; sourceTree = "<group>"; };
		5D846AB62C1628BF002A84C4 /* Constants.swift */ = {isa = PBXFileReference; lastKnownFileType = sourcecode.swift; path = Constants.swift; sourceTree = "<group>"; };
		5DB351FA2C1234B500B13A5D /* TasksModel.swift */ = {isa = PBXFileReference; lastKnownFileType = sourcecode.swift; path = TasksModel.swift; sourceTree = "<group>"; };
		5DB351FD2C123A1400B13A5D /* TaskDetailVC.swift */ = {isa = PBXFileReference; lastKnownFileType = sourcecode.swift; path = TaskDetailVC.swift; sourceTree = "<group>"; };
		5DB460D82C116948009AE51E /* TaskCell.swift */ = {isa = PBXFileReference; lastKnownFileType = sourcecode.swift; path = TaskCell.swift; sourceTree = "<group>"; };
		5DB460D92C116948009AE51E /* TaskCell.xib */ = {isa = PBXFileReference; lastKnownFileType = file.xib; path = TaskCell.xib; sourceTree = "<group>"; };
		5DB460DF2C116E94009AE51E /* AmsiProNormal-Bold.ttf */ = {isa = PBXFileReference; lastKnownFileType = file; path = "AmsiProNormal-Bold.ttf"; sourceTree = "<group>"; };
		5DB460E12C116EA6009AE51E /* AmsiProNormal-Regular.ttf */ = {isa = PBXFileReference; lastKnownFileType = file; path = "AmsiProNormal-Regular.ttf"; sourceTree = "<group>"; };
		5DB5A8A52C1619CF006DE942 /* TaskListViewModel.swift */ = {isa = PBXFileReference; lastKnownFileType = sourcecode.swift; path = TaskListViewModel.swift; sourceTree = "<group>"; };
		5DB5DC9C2C15AEFC000EE15B /* TicketStatusCommentAlert.swift */ = {isa = PBXFileReference; lastKnownFileType = sourcecode.swift; path = TicketStatusCommentAlert.swift; sourceTree = "<group>"; };
		5DB906572C159C8700BB2B53 /* Alert.storyboard */ = {isa = PBXFileReference; lastKnownFileType = file.storyboard; path = Alert.storyboard; sourceTree = "<group>"; };
		5DBA2DA92C12959100674F4A /* ViewController+ extension.swift */ = {isa = PBXFileReference; lastKnownFileType = sourcecode.swift; path = "ViewController+ extension.swift"; sourceTree = "<group>"; };
		5DBA2DAB2C12A57200674F4A /* TaskListVC.swift */ = {isa = PBXFileReference; lastKnownFileType = sourcecode.swift; path = TaskListVC.swift; sourceTree = "<group>"; };
/* End PBXFileReference section */

/* Begin PBXFrameworksBuildPhase section */
		5D1AFD2E2C10EBD900DBA203 /* Frameworks */ = {
			isa = PBXFrameworksBuildPhase;
			buildActionMask = 2147483647;
			files = (
			);
			runOnlyForDeploymentPostprocessing = 0;
		};
/* End PBXFrameworksBuildPhase section */

/* Begin PBXGroup section */
		5D1AFD282C10EBD900DBA203 = {
			isa = PBXGroup;
			children = (
				5D1AFD332C10EBD900DBA203 /* Smart Tasks */,
				5D1AFD322C10EBD900DBA203 /* Products */,
			);
			sourceTree = "<group>";
		};
		5D1AFD322C10EBD900DBA203 /* Products */ = {
			isa = PBXGroup;
			children = (
				5D1AFD312C10EBD900DBA203 /* Smart Tasks.app */,
			);
			name = Products;
			sourceTree = "<group>";
		};
		5D1AFD332C10EBD900DBA203 /* Smart Tasks */ = {
			isa = PBXGroup;
			children = (
				5DB5A8A42C1619BB006DE942 /* ViewModel */,
				5D68699B2C1175AC0084DC99 /* Extensions */,
				5DB460DE2C116E2C009AE51E /* Fonts */,
				5DB5DC992C15AEB8000EE15B /* Alertts */,
				5DB351FC2C1239D800B13A5D /* TaskDetailVC */,
				5DB460DC2C116952009AE51E /* TaskListVC */,
				5DB351F92C12348B00B13A5D /* Model */,
				5D1AFD342C10EBD900DBA203 /* AppDelegate.swift */,
				5D1AFD362C10EBD900DBA203 /* SceneDelegate.swift */,
				5D1AFD3A2C10EBD900DBA203 /* Main.storyboard */,
				5DB906572C159C8700BB2B53 /* Alert.storyboard */,
				5D1AFD402C10EBDB00DBA203 /* Assets.xcassets */,
				5D1AFD422C10EBDB00DBA203 /* LaunchScreen.storyboard */,
				5D1AFD452C10EBDB00DBA203 /* Info.plist */,
				5D1AFD3D2C10EBD900DBA203 /* Smart_Tasks.xcdatamodeld */,
			);
			path = "Smart Tasks";
			sourceTree = "<group>";
		};
		5D68699B2C1175AC0084DC99 /* Extensions */ = {
			isa = PBXGroup;
			children = (
				5D68699C2C1175BD0084DC99 /* Uiview+Ext.swift */,
				5DBA2DA92C12959100674F4A /* ViewController+ extension.swift */,
				5D846AB42C1624F8002A84C4 /* UIcolor+Extension.swift */,
				5D846AB62C1628BF002A84C4 /* Constants.swift */,
			);
			path = Extensions;
			sourceTree = "<group>";
		};
		5DB351F92C12348B00B13A5D /* Model */ = {
			isa = PBXGroup;
			children = (
				5DB351FA2C1234B500B13A5D /* TasksModel.swift */,
			);
			path = Model;
			sourceTree = "<group>";
		};
		5DB351FC2C1239D800B13A5D /* TaskDetailVC */ = {
			isa = PBXGroup;
			children = (
				5DB351FD2C123A1400B13A5D /* TaskDetailVC.swift */,
			);
			path = TaskDetailVC;
			sourceTree = "<group>";
		};
		5DB460DC2C116952009AE51E /* TaskListVC */ = {
			isa = PBXGroup;
			children = (
				5DB460DD2C116978009AE51E /* Cell */,
				5D1AFD382C10EBD900DBA203 /* ViewController.swift */,
				5DBA2DAB2C12A57200674F4A /* TaskListVC.swift */,
			);
			path = TaskListVC;
			sourceTree = "<group>";
		};
		5DB460DD2C116978009AE51E /* Cell */ = {
			isa = PBXGroup;
			children = (
				5DB460D92C116948009AE51E /* TaskCell.xib */,
				5DB460D82C116948009AE51E /* TaskCell.swift */,
			);
			path = Cell;
			sourceTree = "<group>";
		};
		5DB460DE2C116E2C009AE51E /* Fonts */ = {
			isa = PBXGroup;
			children = (
				5DB460E12C116EA6009AE51E /* AmsiProNormal-Regular.ttf */,
				5DB460DF2C116E94009AE51E /* AmsiProNormal-Bold.ttf */,
			);
			path = Fonts;
			sourceTree = "<group>";
		};
		5DB5A8A42C1619BB006DE942 /* ViewModel */ = {
			isa = PBXGroup;
			children = (
				5DB5A8A52C1619CF006DE942 /* TaskListViewModel.swift */,
			);
			path = ViewModel;
			sourceTree = "<group>";
		};
		5DB5DC992C15AEB8000EE15B /* Alertts */ = {
			isa = PBXGroup;
			children = (
				5DB5DC9C2C15AEFC000EE15B /* TicketStatusCommentAlert.swift */,
			);
			path = Alertts;
			sourceTree = "<group>";
		};
/* End PBXGroup section */

/* Begin PBXNativeTarget section */
		5D1AFD302C10EBD900DBA203 /* Smart Tasks */ = {
			isa = PBXNativeTarget;
			buildConfigurationList = 5D1AFD482C10EBDB00DBA203 /* Build configuration list for PBXNativeTarget "Smart Tasks" */;
			buildPhases = (
				5D1AFD2D2C10EBD900DBA203 /* Sources */,
				5D1AFD2E2C10EBD900DBA203 /* Frameworks */,
				5D1AFD2F2C10EBD900DBA203 /* Resources */,
			);
			buildRules = (
			);
			dependencies = (
			);
			name = "Smart Tasks";
			productName = "Smart Tasks";
			productReference = 5D1AFD312C10EBD900DBA203 /* Smart Tasks.app */;
			productType = "com.apple.product-type.application";
		};
/* End PBXNativeTarget section */

/* Begin PBXProject section */
		5D1AFD292C10EBD900DBA203 /* Project object */ = {
			isa = PBXProject;
			attributes = {
				BuildIndependentTargetsInParallel = 1;
				LastSwiftUpdateCheck = 1540;
				LastUpgradeCheck = 1540;
				TargetAttributes = {
					5D1AFD302C10EBD900DBA203 = {
						CreatedOnToolsVersion = 15.4;
					};
				};
			};
			buildConfigurationList = 5D1AFD2C2C10EBD900DBA203 /* Build configuration list for PBXProject "Smart Tasks" */;
			compatibilityVersion = "Xcode 14.0";
			developmentRegion = en;
			hasScannedForEncodings = 0;
			knownRegions = (
				en,
				Base,
			);
			mainGroup = 5D1AFD282C10EBD900DBA203;
			productRefGroup = 5D1AFD322C10EBD900DBA203 /* Products */;
			projectDirPath = "";
			projectRoot = "";
			targets = (
				5D1AFD302C10EBD900DBA203 /* Smart Tasks */,
			);
		};
/* End PBXProject section */

/* Begin PBXResourcesBuildPhase section */
		5D1AFD2F2C10EBD900DBA203 /* Resources */ = {
			isa = PBXResourcesBuildPhase;
			buildActionMask = 2147483647;
			files = (
				5DB460DA2C116948009AE51E /* TaskCell.xib in Resources */,
				5DB460E02C116E94009AE51E /* AmsiProNormal-Bold.ttf in Resources */,
				5DB460E22C116EA6009AE51E /* AmsiProNormal-Regular.ttf in Resources */,
				5D1AFD412C10EBDB00DBA203 /* Assets.xcassets in Resources */,
				5D1AFD442C10EBDB00DBA203 /* Base in Resources */,
				5DB906582C159C8700BB2B53 /* Alert.storyboard in Resources */,
				5D1AFD3C2C10EBD900DBA203 /* Base in Resources */,
			);
			runOnlyForDeploymentPostprocessing = 0;
		};
/* End PBXResourcesBuildPhase section */

/* Begin PBXSourcesBuildPhase section */
		5D1AFD2D2C10EBD900DBA203 /* Sources */ = {
			isa = PBXSourcesBuildPhase;
			buildActionMask = 2147483647;
			files = (
				5D1AFD3F2C10EBD900DBA203 /* Smart_Tasks.xcdatamodeld in Sources */,
				5DBA2DAA2C12959100674F4A /* ViewController+ extension.swift in Sources */,
				5D846AB52C1624F8002A84C4 /* UIcolor+Extension.swift in Sources */,
				5D1AFD392C10EBD900DBA203 /* ViewController.swift in Sources */,
				5D1AFD352C10EBD900DBA203 /* AppDelegate.swift in Sources */,
				5D1AFD372C10EBD900DBA203 /* SceneDelegate.swift in Sources */,
				5DB5A8A62C1619CF006DE942 /* TaskListViewModel.swift in Sources */,
				5DB351FE2C123A1400B13A5D /* TaskDetailVC.swift in Sources */,
				5DB5DC9D2C15AEFC000EE15B /* TicketStatusCommentAlert.swift in Sources */,
				5DB351FB2C1234B500B13A5D /* TasksModel.swift in Sources */,
				5D68699D2C1175BD0084DC99 /* Uiview+Ext.swift in Sources */,
				5D846AB72C1628BF002A84C4 /* Constants.swift in Sources */,
				5DB460DB2C116948009AE51E /* TaskCell.swift in Sources */,
				5DBA2DAC2C12A57200674F4A /* TaskListVC.swift in Sources */,
			);
			runOnlyForDeploymentPostprocessing = 0;
		};
/* End PBXSourcesBuildPhase section */

/* Begin PBXVariantGroup section */
		5D1AFD3A2C10EBD900DBA203 /* Main.storyboard */ = {
			isa = PBXVariantGroup;
			children = (
				5D1AFD3B2C10EBD900DBA203 /* Base */,
			);
			name = Main.storyboard;
			sourceTree = "<group>";
		};
		5D1AFD422C10EBDB00DBA203 /* LaunchScreen.storyboard */ = {
			isa = PBXVariantGroup;
			children = (
				5D1AFD432C10EBDB00DBA203 /* Base */,
			);
			name = LaunchScreen.storyboard;
			sourceTree = "<group>";
		};
/* End PBXVariantGroup section */

/* Begin XCBuildConfiguration section */
		5D1AFD462C10EBDB00DBA203 /* Debug */ = {
			isa = XCBuildConfiguration;
			buildSettings = {
				ALWAYS_SEARCH_USER_PATHS = NO;
				ASSETCATALOG_COMPILER_GENERATE_SWIFT_ASSET_SYMBOL_EXTENSIONS = YES;
				CLANG_ANALYZER_NONNULL = YES;
				CLANG_ANALYZER_NUMBER_OBJECT_CONVERSION = YES_AGGRESSIVE;
				CLANG_CXX_LANGUAGE_STANDARD = "gnu++20";
				CLANG_ENABLE_MODULES = YES;
				CLANG_ENABLE_OBJC_ARC = YES;
				CLANG_ENABLE_OBJC_WEAK = YES;
				CLANG_WARN_BLOCK_CAPTURE_AUTORELEASING = YES;
				CLANG_WARN_BOOL_CONVERSION = YES;
				CLANG_WARN_COMMA = YES;
				CLANG_WARN_CONSTANT_CONVERSION = YES;
				CLANG_WARN_DEPRECATED_OBJC_IMPLEMENTATIONS = YES;
				CLANG_WARN_DIRECT_OBJC_ISA_USAGE = YES_ERROR;
				CLANG_WARN_DOCUMENTATION_COMMENTS = YES;
				CLANG_WARN_EMPTY_BODY = YES;
				CLANG_WARN_ENUM_CONVERSION = YES;
				CLANG_WARN_INFINITE_RECURSION = YES;
				CLANG_WARN_INT_CONVERSION = YES;
				CLANG_WARN_NON_LITERAL_NULL_CONVERSION = YES;
				CLANG_WARN_OBJC_IMPLICIT_RETAIN_SELF = YES;
				CLANG_WARN_OBJC_LITERAL_CONVERSION = YES;
				CLANG_WARN_OBJC_ROOT_CLASS = YES_ERROR;
				CLANG_WARN_QUOTED_INCLUDE_IN_FRAMEWORK_HEADER = YES;
				CLANG_WARN_RANGE_LOOP_ANALYSIS = YES;
				CLANG_WARN_STRICT_PROTOTYPES = YES;
				CLANG_WARN_SUSPICIOUS_MOVE = YES;
				CLANG_WARN_UNGUARDED_AVAILABILITY = YES_AGGRESSIVE;
				CLANG_WARN_UNREACHABLE_CODE = YES;
				CLANG_WARN__DUPLICATE_METHOD_MATCH = YES;
				COPY_PHASE_STRIP = NO;
				DEBUG_INFORMATION_FORMAT = dwarf;
				ENABLE_STRICT_OBJC_MSGSEND = YES;
				ENABLE_TESTABILITY = YES;
				ENABLE_USER_SCRIPT_SANDBOXING = YES;
				GCC_C_LANGUAGE_STANDARD = gnu17;
				GCC_DYNAMIC_NO_PIC = NO;
				GCC_NO_COMMON_BLOCKS = YES;
				GCC_OPTIMIZATION_LEVEL = 0;
				GCC_PREPROCESSOR_DEFINITIONS = (
					"DEBUG=1",
					"$(inherited)",
				);
				GCC_WARN_64_TO_32_BIT_CONVERSION = YES;
				GCC_WARN_ABOUT_RETURN_TYPE = YES_ERROR;
				GCC_WARN_UNDECLARED_SELECTOR = YES;
				GCC_WARN_UNINITIALIZED_AUTOS = YES_AGGRESSIVE;
				GCC_WARN_UNUSED_FUNCTION = YES;
				GCC_WARN_UNUSED_VARIABLE = YES;
				IPHONEOS_DEPLOYMENT_TARGET = 17.5;
				LOCALIZATION_PREFERS_STRING_CATALOGS = YES;
				MTL_ENABLE_DEBUG_INFO = INCLUDE_SOURCE;
				MTL_FAST_MATH = YES;
				ONLY_ACTIVE_ARCH = YES;
				SDKROOT = iphoneos;
				SWIFT_ACTIVE_COMPILATION_CONDITIONS = "DEBUG $(inherited)";
				SWIFT_OPTIMIZATION_LEVEL = "-Onone";
			};
			name = Debug;
		};
		5D1AFD472C10EBDB00DBA203 /* Release */ = {
			isa = XCBuildConfiguration;
			buildSettings = {
				ALWAYS_SEARCH_USER_PATHS = NO;
				ASSETCATALOG_COMPILER_GENERATE_SWIFT_ASSET_SYMBOL_EXTENSIONS = YES;
				CLANG_ANALYZER_NONNULL = YES;
				CLANG_ANALYZER_NUMBER_OBJECT_CONVERSION = YES_AGGRESSIVE;
				CLANG_CXX_LANGUAGE_STANDARD = "gnu++20";
				CLANG_ENABLE_MODULES = YES;
				CLANG_ENABLE_OBJC_ARC = YES;
				CLANG_ENABLE_OBJC_WEAK = YES;
				CLANG_WARN_BLOCK_CAPTURE_AUTORELEASING = YES;
				CLANG_WARN_BOOL_CONVERSION = YES;
				CLANG_WARN_COMMA = YES;
				CLANG_WARN_CONSTANT_CONVERSION = YES;
				CLANG_WARN_DEPRECATED_OBJC_IMPLEMENTATIONS = YES;
				CLANG_WARN_DIRECT_OBJC_ISA_USAGE = YES_ERROR;
				CLANG_WARN_DOCUMENTATION_COMMENTS = YES;
				CLANG_WARN_EMPTY_BODY = YES;
				CLANG_WARN_ENUM_CONVERSION = YES;
				CLANG_WARN_INFINITE_RECURSION = YES;
				CLANG_WARN_INT_CONVERSION = YES;
				CLANG_WARN_NON_LITERAL_NULL_CONVERSION = YES;
				CLANG_WARN_OBJC_IMPLICIT_RETAIN_SELF = YES;
				CLANG_WARN_OBJC_LITERAL_CONVERSION = YES;
				CLANG_WARN_OBJC_ROOT_CLASS = YES_ERROR;
				CLANG_WARN_QUOTED_INCLUDE_IN_FRAMEWORK_HEADER = YES;
				CLANG_WARN_RANGE_LOOP_ANALYSIS = YES;
				CLANG_WARN_STRICT_PROTOTYPES = YES;
				CLANG_WARN_SUSPICIOUS_MOVE = YES;
				CLANG_WARN_UNGUARDED_AVAILABILITY = YES_AGGRESSIVE;
				CLANG_WARN_UNREACHABLE_CODE = YES;
				CLANG_WARN__DUPLICATE_METHOD_MATCH = YES;
				COPY_PHASE_STRIP = NO;
				DEBUG_INFORMATION_FORMAT = "dwarf-with-dsym";
				ENABLE_NS_ASSERTIONS = NO;
				ENABLE_STRICT_OBJC_MSGSEND = YES;
				ENABLE_USER_SCRIPT_SANDBOXING = YES;
				GCC_C_LANGUAGE_STANDARD = gnu17;
				GCC_NO_COMMON_BLOCKS = YES;
				GCC_WARN_64_TO_32_BIT_CONVERSION = YES;
				GCC_WARN_ABOUT_RETURN_TYPE = YES_ERROR;
				GCC_WARN_UNDECLARED_SELECTOR = YES;
				GCC_WARN_UNINITIALIZED_AUTOS = YES_AGGRESSIVE;
				GCC_WARN_UNUSED_FUNCTION = YES;
				GCC_WARN_UNUSED_VARIABLE = YES;
				IPHONEOS_DEPLOYMENT_TARGET = 17.5;
				LOCALIZATION_PREFERS_STRING_CATALOGS = YES;
				MTL_ENABLE_DEBUG_INFO = NO;
				MTL_FAST_MATH = YES;
				SDKROOT = iphoneos;
				SWIFT_COMPILATION_MODE = wholemodule;
				VALIDATE_PRODUCT = YES;
			};
			name = Release;
		};
		5D1AFD492C10EBDB00DBA203 /* Debug */ = {
			isa = XCBuildConfiguration;
			buildSettings = {
				ASSETCATALOG_COMPILER_APPICON_NAME = AppIcon;
				ASSETCATALOG_COMPILER_GLOBAL_ACCENT_COLOR_NAME = AccentColor;
				CODE_SIGN_STYLE = Automatic;
				CURRENT_PROJECT_VERSION = 1;
				DEVELOPMENT_TEAM = 3L6XZ4JU5W;
				GENERATE_INFOPLIST_FILE = YES;
				INFOPLIST_FILE = "Smart Tasks/Info.plist";
				INFOPLIST_KEY_UIApplicationSupportsIndirectInputEvents = YES;
				INFOPLIST_KEY_UILaunchStoryboardName = LaunchScreen;
				INFOPLIST_KEY_UIMainStoryboardFile = Main;
				INFOPLIST_KEY_UISupportedInterfaceOrientations = UIInterfaceOrientationPortrait;
				IPHONEOS_DEPLOYMENT_TARGET = 16.0;
				LD_RUNPATH_SEARCH_PATHS = (
					"$(inherited)",
					"@executable_path/Frameworks",
				);
				MARKETING_VERSION = 1.0;
				PRODUCT_BUNDLE_IDENTIFIER = "com.App.Smart-Tasks";
				PRODUCT_NAME = "$(TARGET_NAME)";
				SWIFT_EMIT_LOC_STRINGS = YES;
				SWIFT_VERSION = 5.0;
				TARGETED_DEVICE_FAMILY = "1,2";
			};
			name = Debug;
		};
		5D1AFD4A2C10EBDB00DBA203 /* Release */ = {
			isa = XCBuildConfiguration;
			buildSettings = {
				ASSETCATALOG_COMPILER_APPICON_NAME = AppIcon;
				ASSETCATALOG_COMPILER_GLOBAL_ACCENT_COLOR_NAME = AccentColor;
				CODE_SIGN_STYLE = Automatic;
				CURRENT_PROJECT_VERSION = 1;
				DEVELOPMENT_TEAM = 3L6XZ4JU5W;
				GENERATE_INFOPLIST_FILE = YES;
				INFOPLIST_FILE = "Smart Tasks/Info.plist";
				INFOPLIST_KEY_UIApplicationSupportsIndirectInputEvents = YES;
				INFOPLIST_KEY_UILaunchStoryboardName = LaunchScreen;
				INFOPLIST_KEY_UIMainStoryboardFile = Main;
				INFOPLIST_KEY_UISupportedInterfaceOrientations = UIInterfaceOrientationPortrait;
				IPHONEOS_DEPLOYMENT_TARGET = 16.0;
				LD_RUNPATH_SEARCH_PATHS = (
					"$(inherited)",
					"@executable_path/Frameworks",
				);
				MARKETING_VERSION = 1.0;
				PRODUCT_BUNDLE_IDENTIFIER = "com.App.Smart-Tasks";
				PRODUCT_NAME = "$(TARGET_NAME)";
				SWIFT_EMIT_LOC_STRINGS = YES;
				SWIFT_VERSION = 5.0;
				TARGETED_DEVICE_FAMILY = "1,2";
			};
			name = Release;
		};
/* End XCBuildConfiguration section */

/* Begin XCConfigurationList section */
		5D1AFD2C2C10EBD900DBA203 /* Build configuration list for PBXProject "Smart Tasks" */ = {
			isa = XCConfigurationList;
			buildConfigurations = (
				5D1AFD462C10EBDB00DBA203 /* Debug */,
				5D1AFD472C10EBDB00DBA203 /* Release */,
			);
			defaultConfigurationIsVisible = 0;
			defaultConfigurationName = Release;
		};
		5D1AFD482C10EBDB00DBA203 /* Build configuration list for PBXNativeTarget "Smart Tasks" */ = {
			isa = XCConfigurationList;
			buildConfigurations = (
				5D1AFD492C10EBDB00DBA203 /* Debug */,
				5D1AFD4A2C10EBDB00DBA203 /* Release */,
			);
			defaultConfigurationIsVisible = 0;
			defaultConfigurationName = Release;
		};
/* End XCConfigurationList section */

/* Begin XCVersionGroup section */
		5D1AFD3D2C10EBD900DBA203 /* Smart_Tasks.xcdatamodeld */ = {
			isa = XCVersionGroup;
			children = (
				5D1AFD3E2C10EBD900DBA203 /* Smart_Tasks.xcdatamodel */,
			);
			currentVersion = 5D1AFD3E2C10EBD900DBA203 /* Smart_Tasks.xcdatamodel */;
			path = Smart_Tasks.xcdatamodeld;
			sourceTree = "<group>";
			versionGroupType = wrapper.xcdatamodel;
		};
/* End XCVersionGroup section */
	};
	rootObject = 5D1AFD292C10EBD900DBA203 /* Project object */;
}
